// !$*UTF8*$!
{
	archiveVersion = 1;
	classes = {
	};
	objectVersion = 56;
	objects = {

/* Begin PBXBuildFile section */
		4B26F1D029B6CC1C001A4259 /* AppTaskApp.swift in Sources */ = {isa = PBXBuildFile; fileRef = 4B26F1CF29B6CC1C001A4259 /* AppTaskApp.swift */; };
		4B26F1D429B6CC1D001A4259 /* Assets.xcassets in Resources */ = {isa = PBXBuildFile; fileRef = 4B26F1D329B6CC1D001A4259 /* Assets.xcassets */; };
		4B26F1D729B6CC1D001A4259 /* Preview Assets.xcassets in Resources */ = {isa = PBXBuildFile; fileRef = 4B26F1D629B6CC1D001A4259 /* Preview Assets.xcassets */; };
		4B282C5529B768D500A10F20 /* HomeView.swift in Sources */ = {isa = PBXBuildFile; fileRef = 4B282C5429B768D500A10F20 /* HomeView.swift */; };
		4B282C5D29B775C700A10F20 /* CustomTabBar.swift in Sources */ = {isa = PBXBuildFile; fileRef = 4B282C5C29B775C700A10F20 /* CustomTabBar.swift */; };
		4B282C5F29B7848300A10F20 /* TabBarButton.swift in Sources */ = {isa = PBXBuildFile; fileRef = 4B282C5E29B7848300A10F20 /* TabBarButton.swift */; };
		4B6754D929BA4A6F00EBD3C6 /* CustomHomeBody.swift in Sources */ = {isa = PBXBuildFile; fileRef = 4B6754D829BA4A6F00EBD3C6 /* CustomHomeBody.swift */; };
		4B91353629B796D000073F33 /* PosterView.swift in Sources */ = {isa = PBXBuildFile; fileRef = 4B91353529B796D000073F33 /* PosterView.swift */; };
		4B91353A29B7BD3A00073F33 /* UserDataModel.swift in Sources */ = {isa = PBXBuildFile; fileRef = 4B91353929B7BD3A00073F33 /* UserDataModel.swift */; };
		4B91353F29B7DDC800073F33 /* PosterManager.swift in Sources */ = {isa = PBXBuildFile; fileRef = 4B91353E29B7DDC800073F33 /* PosterManager.swift */; };
		4B91354329B7EBE200073F33 /* SigninView.swift in Sources */ = {isa = PBXBuildFile; fileRef = 4B91354229B7EBE200073F33 /* SigninView.swift */; };
		4B91354529B7EC7E00073F33 /* ContentView.swift in Sources */ = {isa = PBXBuildFile; fileRef = 4B91354429B7EC7E00073F33 /* ContentView.swift */; };
		4BAD820529B98BD900282A5D /* UserData.swift in Sources */ = {isa = PBXBuildFile; fileRef = 4BAD820429B98BD900282A5D /* UserData.swift */; };
		4BC7717729B8D6A900B8A710 /* PostsDataModel.swift in Sources */ = {isa = PBXBuildFile; fileRef = 4BC7717629B8D6A900B8A710 /* PostsDataModel.swift */; };
		4BC7717B29B8DA8300B8A710 /* PostModel.swift in Sources */ = {isa = PBXBuildFile; fileRef = 4BC7717A29B8DA8300B8A710 /* PostModel.swift */; };
		4BE96E4F29B9F97E003986B4 /* SearchField.swift in Sources */ = {isa = PBXBuildFile; fileRef = 4BE96E4E29B9F97E003986B4 /* SearchField.swift */; };
/* End PBXBuildFile section */

/* Begin PBXFileReference section */
		4B26F1CC29B6CC1C001A4259 /* AppTask.app */ = {isa = PBXFileReference; explicitFileType = wrapper.application; includeInIndex = 0; path = AppTask.app; sourceTree = BUILT_PRODUCTS_DIR; };
		4B26F1CF29B6CC1C001A4259 /* AppTaskApp.swift */ = {isa = PBXFileReference; lastKnownFileType = sourcecode.swift; path = AppTaskApp.swift; sourceTree = "<group>"; };
		4B26F1D329B6CC1D001A4259 /* Assets.xcassets */ = {isa = PBXFileReference; lastKnownFileType = folder.assetcatalog; path = Assets.xcassets; sourceTree = "<group>"; };
		4B26F1D629B6CC1D001A4259 /* Preview Assets.xcassets */ = {isa = PBXFileReference; lastKnownFileType = folder.assetcatalog; path = "Preview Assets.xcassets"; sourceTree = "<group>"; };
		4B282C5429B768D500A10F20 /* HomeView.swift */ = {isa = PBXFileReference; lastKnownFileType = sourcecode.swift; path = HomeView.swift; sourceTree = "<group>"; };
		4B282C5C29B775C700A10F20 /* CustomTabBar.swift */ = {isa = PBXFileReference; lastKnownFileType = sourcecode.swift; path = CustomTabBar.swift; sourceTree = "<group>"; };
		4B282C5E29B7848300A10F20 /* TabBarButton.swift */ = {isa = PBXFileReference; lastKnownFileType = sourcecode.swift; path = TabBarButton.swift; sourceTree = "<group>"; };
		4B6754D829BA4A6F00EBD3C6 /* CustomHomeBody.swift */ = {isa = PBXFileReference; lastKnownFileType = sourcecode.swift; path = CustomHomeBody.swift; sourceTree = "<group>"; };
		4B91353529B796D000073F33 /* PosterView.swift */ = {isa = PBXFileReference; lastKnownFileType = sourcecode.swift; path = PosterView.swift; sourceTree = "<group>"; };
		4B91353929B7BD3A00073F33 /* UserDataModel.swift */ = {isa = PBXFileReference; lastKnownFileType = sourcecode.swift; path = UserDataModel.swift; sourceTree = "<group>"; };
		4B91353B29B7C1C400073F33 /* Info.plist */ = {isa = PBXFileReference; lastKnownFileType = text.plist; path = Info.plist; sourceTree = "<group>"; };
		4B91353E29B7DDC800073F33 /* PosterManager.swift */ = {isa = PBXFileReference; lastKnownFileType = sourcecode.swift; path = PosterManager.swift; sourceTree = "<group>"; };
		4B91354229B7EBE200073F33 /* SigninView.swift */ = {isa = PBXFileReference; lastKnownFileType = sourcecode.swift; path = SigninView.swift; sourceTree = "<group>"; };
		4B91354429B7EC7E00073F33 /* ContentView.swift */ = {isa = PBXFileReference; lastKnownFileType = sourcecode.swift; path = ContentView.swift; sourceTree = "<group>"; };
		4BAD820429B98BD900282A5D /* UserData.swift */ = {isa = PBXFileReference; lastKnownFileType = sourcecode.swift; path = UserData.swift; sourceTree = "<group>"; };
		4BC7717629B8D6A900B8A710 /* PostsDataModel.swift */ = {isa = PBXFileReference; lastKnownFileType = sourcecode.swift; path = PostsDataModel.swift; sourceTree = "<group>"; };
		4BC7717A29B8DA8300B8A710 /* PostModel.swift */ = {isa = PBXFileReference; lastKnownFileType = sourcecode.swift; path = PostModel.swift; sourceTree = "<group>"; };
		4BE96E4E29B9F97E003986B4 /* SearchField.swift */ = {isa = PBXFileReference; lastKnownFileType = sourcecode.swift; path = SearchField.swift; sourceTree = "<group>"; };
/* End PBXFileReference section */

/* Begin PBXFrameworksBuildPhase section */
		4B26F1C929B6CC1C001A4259 /* Frameworks */ = {
			isa = PBXFrameworksBuildPhase;
			buildActionMask = 2147483647;
			files = (
			);
			runOnlyForDeploymentPostprocessing = 0;
		};
/* End PBXFrameworksBuildPhase section */

/* Begin PBXGroup section */
		4B26F1C329B6CC1C001A4259 = {
			isa = PBXGroup;
			children = (
				4B26F1CE29B6CC1C001A4259 /* AppTask */,
				4B26F1CD29B6CC1C001A4259 /* Products */,
			);
			sourceTree = "<group>";
		};
		4B26F1CD29B6CC1C001A4259 /* Products */ = {
			isa = PBXGroup;
			children = (
				4B26F1CC29B6CC1C001A4259 /* AppTask.app */,
			);
			name = Products;
			sourceTree = "<group>";
		};
		4B26F1CE29B6CC1C001A4259 /* AppTask */ = {
			isa = PBXGroup;
			children = (
				4B91353B29B7C1C400073F33 /* Info.plist */,
				4B26F1CF29B6CC1C001A4259 /* AppTaskApp.swift */,
				4BC7717929B8DA5100B8A710 /* Model */,
				4BC7717C29B8DAEA00B8A710 /* Managers */,
				4B282C5A29B7759B00A10F20 /* Views */,
				4B26F1D329B6CC1D001A4259 /* Assets.xcassets */,
				4B26F1D529B6CC1D001A4259 /* Preview Content */,
			);
			path = AppTask;
			sourceTree = "<group>";
		};
		4B26F1D529B6CC1D001A4259 /* Preview Content */ = {
			isa = PBXGroup;
			children = (
				4B26F1D629B6CC1D001A4259 /* Preview Assets.xcassets */,
			);
			path = "Preview Content";
			sourceTree = "<group>";
		};
		4B282C5A29B7759B00A10F20 /* Views */ = {
			isa = PBXGroup;
			children = (
				4B91354429B7EC7E00073F33 /* ContentView.swift */,
				4B91354229B7EBE200073F33 /* SigninView.swift */,
				4B282C5429B768D500A10F20 /* HomeView.swift */,
				4BC7717D29B8DB3D00B8A710 /* Custom Views */,
			);
			path = Views;
			sourceTree = "<group>";
		};
		4BC7717929B8DA5100B8A710 /* Model */ = {
			isa = PBXGroup;
			children = (
				4B91353929B7BD3A00073F33 /* UserDataModel.swift */,
				4BC7717629B8D6A900B8A710 /* PostsDataModel.swift */,
				4BC7717A29B8DA8300B8A710 /* PostModel.swift */,
				4BAD820429B98BD900282A5D /* UserData.swift */,
			);
			path = Model;
			sourceTree = "<group>";
		};
		4BC7717C29B8DAEA00B8A710 /* Managers */ = {
			isa = PBXGroup;
			children = (
				4B91353E29B7DDC800073F33 /* PosterManager.swift */,
			);
			path = Managers;
			sourceTree = "<group>";
		};
		4BC7717D29B8DB3D00B8A710 /* Custom Views */ = {
			isa = PBXGroup;
			children = (
				4B6754D829BA4A6F00EBD3C6 /* CustomHomeBody.swift */,
				4B282C5C29B775C700A10F20 /* CustomTabBar.swift */,
				4B282C5E29B7848300A10F20 /* TabBarButton.swift */,
				4B91353529B796D000073F33 /* PosterView.swift */,
				4BE96E4E29B9F97E003986B4 /* SearchField.swift */,
			);
			path = "Custom Views";
			sourceTree = "<group>";
		};
/* End PBXGroup section */

/* Begin PBXNativeTarget section */
		4B26F1CB29B6CC1C001A4259 /* AppTask */ = {
			isa = PBXNativeTarget;
			buildConfigurationList = 4B26F1DA29B6CC1D001A4259 /* Build configuration list for PBXNativeTarget "AppTask" */;
			buildPhases = (
				4B26F1C829B6CC1C001A4259 /* Sources */,
				4B26F1C929B6CC1C001A4259 /* Frameworks */,
				4B26F1CA29B6CC1C001A4259 /* Resources */,
			);
			buildRules = (
			);
			dependencies = (
			);
			name = AppTask;
			productName = AppTask;
			productReference = 4B26F1CC29B6CC1C001A4259 /* AppTask.app */;
			productType = "com.apple.product-type.application";
		};
/* End PBXNativeTarget section */

/* Begin PBXProject section */
		4B26F1C429B6CC1C001A4259 /* Project object */ = {
			isa = PBXProject;
			attributes = {
				BuildIndependentTargetsInParallel = 1;
				LastSwiftUpdateCheck = 1420;
				LastUpgradeCheck = 1420;
				TargetAttributes = {
					4B26F1CB29B6CC1C001A4259 = {
						CreatedOnToolsVersion = 14.2;
					};
				};
			};
			buildConfigurationList = 4B26F1C729B6CC1C001A4259 /* Build configuration list for PBXProject "AppTask" */;
			compatibilityVersion = "Xcode 14.0";
			developmentRegion = en;
			hasScannedForEncodings = 0;
			knownRegions = (
				en,
				Base,
			);
			mainGroup = 4B26F1C329B6CC1C001A4259;
			productRefGroup = 4B26F1CD29B6CC1C001A4259 /* Products */;
			projectDirPath = "";
			projectRoot = "";
			targets = (
				4B26F1CB29B6CC1C001A4259 /* AppTask */,
			);
		};
/* End PBXProject section */

/* Begin PBXResourcesBuildPhase section */
		4B26F1CA29B6CC1C001A4259 /* Resources */ = {
			isa = PBXResourcesBuildPhase;
			buildActionMask = 2147483647;
			files = (
				4B26F1D729B6CC1D001A4259 /* Preview Assets.xcassets in Resources */,
				4B26F1D429B6CC1D001A4259 /* Assets.xcassets in Resources */,
			);
			runOnlyForDeploymentPostprocessing = 0;
		};
/* End PBXResourcesBuildPhase section */

/* Begin PBXSourcesBuildPhase section */
		4B26F1C829B6CC1C001A4259 /* Sources */ = {
			isa = PBXSourcesBuildPhase;
			buildActionMask = 2147483647;
			files = (
				4BAD820529B98BD900282A5D /* UserData.swift in Sources */,
				4B282C5529B768D500A10F20 /* HomeView.swift in Sources */,
				4BC7717729B8D6A900B8A710 /* PostsDataModel.swift in Sources */,
				4B91354329B7EBE200073F33 /* SigninView.swift in Sources */,
				4BE96E4F29B9F97E003986B4 /* SearchField.swift in Sources */,
				4B91353F29B7DDC800073F33 /* PosterManager.swift in Sources */,
				4BC7717B29B8DA8300B8A710 /* PostModel.swift in Sources */,
				4B282C5F29B7848300A10F20 /* TabBarButton.swift in Sources */,
				4B6754D929BA4A6F00EBD3C6 /* CustomHomeBody.swift in Sources */,
				4B26F1D029B6CC1C001A4259 /* AppTaskApp.swift in Sources */,
				4B282C5D29B775C700A10F20 /* CustomTabBar.swift in Sources */,
				4B91353629B796D000073F33 /* PosterView.swift in Sources */,
				4B91354529B7EC7E00073F33 /* ContentView.swift in Sources */,
				4B91353A29B7BD3A00073F33 /* UserDataModel.swift in Sources */,
			);
			runOnlyForDeploymentPostprocessing = 0;
		};
/* End PBXSourcesBuildPhase section */

/* Begin XCBuildConfiguration section */
		4B26F1D829B6CC1D001A4259 /* Debug */ = {
			isa = XCBuildConfiguration;
			buildSettings = {
				ALWAYS_SEARCH_USER_PATHS = NO;
				CLANG_ANALYZER_NONNULL = YES;
				CLANG_ANALYZER_NUMBER_OBJECT_CONVERSION = YES_AGGRESSIVE;
				CLANG_CXX_LANGUAGE_STANDARD = "gnu++20";
				CLANG_ENABLE_MODULES = YES;
				CLANG_ENABLE_OBJC_ARC = YES;
				CLANG_ENABLE_OBJC_WEAK = YES;
				CLANG_WARN_BLOCK_CAPTURE_AUTORELEASING = YES;
				CLANG_WARN_BOOL_CONVERSION = YES;
				CLANG_WARN_COMMA = YES;
				CLANG_WARN_CONSTANT_CONVERSION = YES;
				CLANG_WARN_DEPRECATED_OBJC_IMPLEMENTATIONS = YES;
				CLANG_WARN_DIRECT_OBJC_ISA_USAGE = YES_ERROR;
				CLANG_WARN_DOCUMENTATION_COMMENTS = YES;
				CLANG_WARN_EMPTY_BODY = YES;
				CLANG_WARN_ENUM_CONVERSION = YES;
				CLANG_WARN_INFINITE_RECURSION = YES;
				CLANG_WARN_INT_CONVERSION = YES;
				CLANG_WARN_NON_LITERAL_NULL_CONVERSION = YES;
				CLANG_WARN_OBJC_IMPLICIT_RETAIN_SELF = YES;
				CLANG_WARN_OBJC_LITERAL_CONVERSION = YES;
				CLANG_WARN_OBJC_ROOT_CLASS = YES_ERROR;
				CLANG_WARN_QUOTED_INCLUDE_IN_FRAMEWORK_HEADER = YES;
				CLANG_WARN_RANGE_LOOP_ANALYSIS = YES;
				CLANG_WARN_STRICT_PROTOTYPES = YES;
				CLANG_WARN_SUSPICIOUS_MOVE = YES;
				CLANG_WARN_UNGUARDED_AVAILABILITY = YES_AGGRESSIVE;
				CLANG_WARN_UNREACHABLE_CODE = YES;
				CLANG_WARN__DUPLICATE_METHOD_MATCH = YES;
				COPY_PHASE_STRIP = NO;
				DEBUG_INFORMATION_FORMAT = dwarf;
				ENABLE_STRICT_OBJC_MSGSEND = YES;
				ENABLE_TESTABILITY = YES;
				GCC_C_LANGUAGE_STANDARD = gnu11;
				GCC_DYNAMIC_NO_PIC = NO;
				GCC_NO_COMMON_BLOCKS = YES;
				GCC_OPTIMIZATION_LEVEL = 0;
				GCC_PREPROCESSOR_DEFINITIONS = (
					"DEBUG=1",
					"$(inherited)",
				);
				GCC_WARN_64_TO_32_BIT_CONVERSION = YES;
				GCC_WARN_ABOUT_RETURN_TYPE = YES_ERROR;
				GCC_WARN_UNDECLARED_SELECTOR = YES;
				GCC_WARN_UNINITIALIZED_AUTOS = YES_AGGRESSIVE;
				GCC_WARN_UNUSED_FUNCTION = YES;
				GCC_WARN_UNUSED_VARIABLE = YES;
				IPHONEOS_DEPLOYMENT_TARGET = 16.0;
				MTL_ENABLE_DEBUG_INFO = INCLUDE_SOURCE;
				MTL_FAST_MATH = YES;
				ONLY_ACTIVE_ARCH = YES;
				SDKROOT = iphoneos;
				SWIFT_ACTIVE_COMPILATION_CONDITIONS = DEBUG;
				SWIFT_OPTIMIZATION_LEVEL = "-Onone";
			};
			name = Debug;
		};
		4B26F1D929B6CC1D001A4259 /* Release */ = {
			isa = XCBuildConfiguration;
			buildSettings = {
				ALWAYS_SEARCH_USER_PATHS = NO;
				CLANG_ANALYZER_NONNULL = YES;
				CLANG_ANALYZER_NUMBER_OBJECT_CONVERSION = YES_AGGRESSIVE;
				CLANG_CXX_LANGUAGE_STANDARD = "gnu++20";
				CLANG_ENABLE_MODULES = YES;
				CLANG_ENABLE_OBJC_ARC = YES;
				CLANG_ENABLE_OBJC_WEAK = YES;
				CLANG_WARN_BLOCK_CAPTURE_AUTORELEASING = YES;
				CLANG_WARN_BOOL_CONVERSION = YES;
				CLANG_WARN_COMMA = YES;
				CLANG_WARN_CONSTANT_CONVERSION = YES;
				CLANG_WARN_DEPRECATED_OBJC_IMPLEMENTATIONS = YES;
				CLANG_WARN_DIRECT_OBJC_ISA_USAGE = YES_ERROR;
				CLANG_WARN_DOCUMENTATION_COMMENTS = YES;
				CLANG_WARN_EMPTY_BODY = YES;
				CLANG_WARN_ENUM_CONVERSION = YES;
				CLANG_WARN_INFINITE_RECURSION = YES;
				CLANG_WARN_INT_CONVERSION = YES;
				CLANG_WARN_NON_LITERAL_NULL_CONVERSION = YES;
				CLANG_WARN_OBJC_IMPLICIT_RETAIN_SELF = YES;
				CLANG_WARN_OBJC_LITERAL_CONVERSION = YES;
				CLANG_WARN_OBJC_ROOT_CLASS = YES_ERROR;
				CLANG_WARN_QUOTED_INCLUDE_IN_FRAMEWORK_HEADER = YES;
				CLANG_WARN_RANGE_LOOP_ANALYSIS = YES;
				CLANG_WARN_STRICT_PROTOTYPES = YES;
				CLANG_WARN_SUSPICIOUS_MOVE = YES;
				CLANG_WARN_UNGUARDED_AVAILABILITY = YES_AGGRESSIVE;
				CLANG_WARN_UNREACHABLE_CODE = YES;
				CLANG_WARN__DUPLICATE_METHOD_MATCH = YES;
				COPY_PHASE_STRIP = NO;
				DEBUG_INFORMATION_FORMAT = "dwarf-with-dsym";
				ENABLE_NS_ASSERTIONS = NO;
				ENABLE_STRICT_OBJC_MSGSEND = YES;
				GCC_C_LANGUAGE_STANDARD = gnu11;
				GCC_NO_COMMON_BLOCKS = YES;
				GCC_WARN_64_TO_32_BIT_CONVERSION = YES;
				GCC_WARN_ABOUT_RETURN_TYPE = YES_ERROR;
				GCC_WARN_UNDECLARED_SELECTOR = YES;
				GCC_WARN_UNINITIALIZED_AUTOS = YES_AGGRESSIVE;
				GCC_WARN_UNUSED_FUNCTION = YES;
				GCC_WARN_UNUSED_VARIABLE = YES;
				IPHONEOS_DEPLOYMENT_TARGET = 16.0;
				MTL_ENABLE_DEBUG_INFO = NO;
				MTL_FAST_MATH = YES;
				SDKROOT = iphoneos;
				SWIFT_COMPILATION_MODE = wholemodule;
				SWIFT_OPTIMIZATION_LEVEL = "-O";
				VALIDATE_PRODUCT = YES;
			};
			name = Release;
		};
		4B26F1DB29B6CC1D001A4259 /* Debug */ = {
			isa = XCBuildConfiguration;
			buildSettings = {
				ASSETCATALOG_COMPILER_APPICON_NAME = AppIcon;
				ASSETCATALOG_COMPILER_GLOBAL_ACCENT_COLOR_NAME = AccentColor;
				CODE_SIGN_STYLE = Automatic;
				CURRENT_PROJECT_VERSION = 1;
				DEVELOPMENT_ASSET_PATHS = "\"AppTask/Preview Content\"";
				DEVELOPMENT_TEAM = 44K9X25458;
				ENABLE_PREVIEWS = YES;
				GENERATE_INFOPLIST_FILE = YES;
				INFOPLIST_FILE = AppTask/Info.plist;
				INFOPLIST_KEY_UIApplicationSupportsIndirectInputEvents = YES;
				INFOPLIST_KEY_UILaunchScreen_Generation = YES;
				INFOPLIST_KEY_UISupportedInterfaceOrientations_iPad = "UIInterfaceOrientationPortrait UIInterfaceOrientationPortraitUpsideDown UIInterfaceOrientationLandscapeLeft UIInterfaceOrientationLandscapeRight";
				INFOPLIST_KEY_UISupportedInterfaceOrientations_iPhone = "UIInterfaceOrientationPortrait UIInterfaceOrientationLandscapeLeft UIInterfaceOrientationLandscapeRight";
				LD_RUNPATH_SEARCH_PATHS = (
					"$(inherited)",
					"@executable_path/Frameworks",
				);
				MARKETING_VERSION = 1.0;
				PRODUCT_BUNDLE_IDENTIFIER = com.mohamedsamaha.AppTask;
				PRODUCT_NAME = "$(TARGET_NAME)";
				SWIFT_EMIT_LOC_STRINGS = YES;
				SWIFT_VERSION = 5.0;
				TARGETED_DEVICE_FAMILY = "1,2";
			};
			name = Debug;
		};
		4B26F1DC29B6CC1D001A4259 /* Release */ = {
			isa = XCBuildConfiguration;
			buildSettings = {
				ASSETCATALOG_COMPILER_APPICON_NAME = AppIcon;
				ASSETCATALOG_COMPILER_GLOBAL_ACCENT_COLOR_NAME = AccentColor;
				CODE_SIGN_STYLE = Automatic;
				CURRENT_PROJECT_VERSION = 1;
				DEVELOPMENT_ASSET_PATHS = "\"AppTask/Preview Content\"";
				DEVELOPMENT_TEAM = 44K9X25458;
				ENABLE_PREVIEWS = YES;
				GENERATE_INFOPLIST_FILE = YES;
				INFOPLIST_FILE = AppTask/Info.plist;
				INFOPLIST_KEY_UIApplicationSupportsIndirectInputEvents = YES;
				INFOPLIST_KEY_UILaunchScreen_Generation = YES;
				INFOPLIST_KEY_UISupportedInterfaceOrientations_iPad = "UIInterfaceOrientationPortrait UIInterfaceOrientationPortraitUpsideDown UIInterfaceOrientationLandscapeLeft UIInterfaceOrientationLandscapeRight";
				INFOPLIST_KEY_UISupportedInterfaceOrientations_iPhone = "UIInterfaceOrientationPortrait UIInterfaceOrientationLandscapeLeft UIInterfaceOrientationLandscapeRight";
				LD_RUNPATH_SEARCH_PATHS = (
					"$(inherited)",
					"@executable_path/Frameworks",
				);
				MARKETING_VERSION = 1.0;
				PRODUCT_BUNDLE_IDENTIFIER = com.mohamedsamaha.AppTask;
				PRODUCT_NAME = "$(TARGET_NAME)";
				SWIFT_EMIT_LOC_STRINGS = YES;
				SWIFT_VERSION = 5.0;
				TARGETED_DEVICE_FAMILY = "1,2";
			};
			name = Release;
		};
/* End XCBuildConfiguration section */

/* Begin XCConfigurationList section */
		4B26F1C729B6CC1C001A4259 /* Build configuration list for PBXProject "AppTask" */ = {
			isa = XCConfigurationList;
			buildConfigurations = (
				4B26F1D829B6CC1D001A4259 /* Debug */,
				4B26F1D929B6CC1D001A4259 /* Release */,
			);
			defaultConfigurationIsVisible = 0;
			defaultConfigurationName = Release;
		};
		4B26F1DA29B6CC1D001A4259 /* Build configuration list for PBXNativeTarget "AppTask" */ = {
			isa = XCConfigurationList;
			buildConfigurations = (
				4B26F1DB29B6CC1D001A4259 /* Debug */,
				4B26F1DC29B6CC1D001A4259 /* Release */,
			);
			defaultConfigurationIsVisible = 0;
			defaultConfigurationName = Release;
		};
/* End XCConfigurationList section */
	};
	rootObject = 4B26F1C429B6CC1C001A4259 /* Project object */;
}
